PODS:
  - Alamofire (5.4.3)
  - MaterialComponents/Availability (124.2.0)
  - MaterialComponents/BottomSheet (124.2.0):
    - MaterialComponents/Elevation
    - MaterialComponents/private/KeyboardWatcher
    - MaterialComponents/private/Math
    - MaterialComponents/ShadowElevations
    - MaterialComponents/ShadowLayer
    - MaterialComponents/ShapeLibrary
    - MaterialComponents/Shapes
  - MaterialComponents/Elevation (124.2.0):
    - MaterialComponents/Availability
    - MaterialComponents/private/Color
    - MaterialComponents/private/Math
  - MaterialComponents/private/Application (124.2.0)
  - MaterialComponents/private/Color (124.2.0):
    - MaterialComponents/Availability
  - MaterialComponents/private/KeyboardWatcher (124.2.0):
    - MaterialComponents/private/Application
  - MaterialComponents/private/Math (124.2.0)
  - MaterialComponents/ShadowElevations (124.2.0)
  - MaterialComponents/ShadowLayer (124.2.0):
    - MaterialComponents/ShadowElevations
  - MaterialComponents/ShapeLibrary (124.2.0):
    - MaterialComponents/private/Math
    - MaterialComponents/Shapes
  - MaterialComponents/Shapes (124.2.0):
    - MaterialComponents/private/Color
    - MaterialComponents/private/Math
    - MaterialComponents/ShadowLayer
  - Moya (14.0.0):
    - Moya/Core (= 14.0.0)
  - Moya/Core (14.0.0):
    - Alamofire (~> 5.0)
  - NVActivityIndicatorView (4.8.0):
    - NVActivityIndicatorView/Presenter (= 4.8.0)
  - NVActivityIndicatorView/Presenter (4.8.0)
  - SwiftyJSON (5.0.1)

DEPENDENCIES:
  - MaterialComponents/BottomSheet
  - Moya (~> 14.0)
  - NVActivityIndicatorView (~> 4.4)
  - SwiftyJSON

SPEC REPOS:
  trunk:
    - Alamofire
    - MaterialComponents
    - Moya
    - NVActivityIndicatorView
    - SwiftyJSON

SPEC CHECKSUMS:
  Alamofire: e447a2774a40c996748296fa2c55112fdbbc42f9
  MaterialComponents: 1a9b2d9d45b1601ae544de85089adc4c464306d4
  Moya: 5b45dacb75adb009f97fde91c204c1e565d31916
  NVActivityIndicatorView: d24b7ebcf80af5dcd994adb650e2b6c93379270f
  SwiftyJSON: 2f33a42c6fbc52764d96f13368585094bfd8aa5e

PODFILE CHECKSUM: 7bf880822298f960315a7849b909082f8eced4a7

COCOAPODS: 1.10.1
