// !$*UTF8*$!
{
	archiveVersion = 1;
	classes = {
	};
	objectVersion = 50;
	objects = {

/* Begin PBXBuildFile section */
		60C43C6526C15CEF00E0AC02 /* AppDelegate.swift in Sources */ = {isa = PBXBuildFile; fileRef = 60C43C6426C15CEF00E0AC02 /* AppDelegate.swift */; };
		60C43C6726C15CEF00E0AC02 /* SceneDelegate.swift in Sources */ = {isa = PBXBuildFile; fileRef = 60C43C6626C15CEF00E0AC02 /* SceneDelegate.swift */; };
		60C43C6926C15CEF00E0AC02 /* ViewController.swift in Sources */ = {isa = PBXBuildFile; fileRef = 60C43C6826C15CEF00E0AC02 /* ViewController.swift */; };
		60C43C6C26C15CEF00E0AC02 /* Main.storyboard in Resources */ = {isa = PBXBuildFile; fileRef = 60C43C6A26C15CEF00E0AC02 /* Main.storyboard */; };
		60C43C6E26C15CF100E0AC02 /* Assets.xcassets in Resources */ = {isa = PBXBuildFile; fileRef = 60C43C6D26C15CF100E0AC02 /* Assets.xcassets */; };
		60C43C7126C15CF100E0AC02 /* LaunchScreen.storyboard in Resources */ = {isa = PBXBuildFile; fileRef = 60C43C6F26C15CF100E0AC02 /* LaunchScreen.storyboard */; };
		60C43C7C26C15CF100E0AC02 /* searchgitTests.swift in Sources */ = {isa = PBXBuildFile; fileRef = 60C43C7B26C15CF100E0AC02 /* searchgitTests.swift */; };
		60C43C8726C15CF100E0AC02 /* searchgitUITests.swift in Sources */ = {isa = PBXBuildFile; fileRef = 60C43C8626C15CF100E0AC02 /* searchgitUITests.swift */; };
		7072227F9D6A28FC485CF69E /* Pods_searchgitTests.framework in Frameworks */ = {isa = PBXBuildFile; fileRef = 17BE77C0F96D6588F87804F6 /* Pods_searchgitTests.framework */; };
		84E2A9D6E391721AC7F6DC7D /* Pods_searchgit.framework in Frameworks */ = {isa = PBXBuildFile; fileRef = 5A6E466D5A445D6F3723684F /* Pods_searchgit.framework */; };
		89D44EC4851F0362A5AF797C /* Pods_searchgit_searchgitUITests.framework in Frameworks */ = {isa = PBXBuildFile; fileRef = CD5C9E2199439534E1DA0638 /* Pods_searchgit_searchgitUITests.framework */; };
/* End PBXBuildFile section */

/* Begin PBXContainerItemProxy section */
		60C43C7826C15CF100E0AC02 /* PBXContainerItemProxy */ = {
			isa = PBXContainerItemProxy;
			containerPortal = 60C43C5926C15CEF00E0AC02 /* Project object */;
			proxyType = 1;
			remoteGlobalIDString = 60C43C6026C15CEF00E0AC02;
			remoteInfo = searchgit;
		};
		60C43C8326C15CF100E0AC02 /* PBXContainerItemProxy */ = {
			isa = PBXContainerItemProxy;
			containerPortal = 60C43C5926C15CEF00E0AC02 /* Project object */;
			proxyType = 1;
			remoteGlobalIDString = 60C43C6026C15CEF00E0AC02;
			remoteInfo = searchgit;
		};
/* End PBXContainerItemProxy section */

/* Begin PBXFileReference section */
		17BE77C0F96D6588F87804F6 /* Pods_searchgitTests.framework */ = {isa = PBXFileReference; explicitFileType = wrapper.framework; includeInIndex = 0; path = Pods_searchgitTests.framework; sourceTree = BUILT_PRODUCTS_DIR; };
		3B4BE88A7BA30739A967169A /* Pods-searchgitTests.debug.xcconfig */ = {isa = PBXFileReference; includeInIndex = 1; lastKnownFileType = text.xcconfig; name = "Pods-searchgitTests.debug.xcconfig"; path = "Target Support Files/Pods-searchgitTests/Pods-searchgitTests.debug.xcconfig"; sourceTree = "<group>"; };
		44419746225318A7395AC454 /* Pods-searchgit-searchgitUITests.debug.xcconfig */ = {isa = PBXFileReference; includeInIndex = 1; lastKnownFileType = text.xcconfig; name = "Pods-searchgit-searchgitUITests.debug.xcconfig"; path = "Target Support Files/Pods-searchgit-searchgitUITests/Pods-searchgit-searchgitUITests.debug.xcconfig"; sourceTree = "<group>"; };
		5A6E466D5A445D6F3723684F /* Pods_searchgit.framework */ = {isa = PBXFileReference; explicitFileType = wrapper.framework; includeInIndex = 0; path = Pods_searchgit.framework; sourceTree = BUILT_PRODUCTS_DIR; };
		60C43C6126C15CEF00E0AC02 /* searchgit.app */ = {isa = PBXFileReference; explicitFileType = wrapper.application; includeInIndex = 0; path = searchgit.app; sourceTree = BUILT_PRODUCTS_DIR; };
		60C43C6426C15CEF00E0AC02 /* AppDelegate.swift */ = {isa = PBXFileReference; lastKnownFileType = sourcecode.swift; path = AppDelegate.swift; sourceTree = "<group>"; };
		60C43C6626C15CEF00E0AC02 /* SceneDelegate.swift */ = {isa = PBXFileReference; lastKnownFileType = sourcecode.swift; path = SceneDelegate.swift; sourceTree = "<group>"; };
		60C43C6826C15CEF00E0AC02 /* ViewController.swift */ = {isa = PBXFileReference; lastKnownFileType = sourcecode.swift; path = ViewController.swift; sourceTree = "<group>"; };
		60C43C6B26C15CEF00E0AC02 /* Base */ = {isa = PBXFileReference; lastKnownFileType = file.storyboard; name = Base; path = Base.lproj/Main.storyboard; sourceTree = "<group>"; };
		60C43C6D26C15CF100E0AC02 /* Assets.xcassets */ = {isa = PBXFileReference; lastKnownFileType = folder.assetcatalog; path = Assets.xcassets; sourceTree = "<group>"; };
		60C43C7026C15CF100E0AC02 /* Base */ = {isa = PBXFileReference; lastKnownFileType = file.storyboard; name = Base; path = Base.lproj/LaunchScreen.storyboard; sourceTree = "<group>"; };
		60C43C7226C15CF100E0AC02 /* Info.plist */ = {isa = PBXFileReference; lastKnownFileType = text.plist.xml; path = Info.plist; sourceTree = "<group>"; };
		60C43C7726C15CF100E0AC02 /* searchgitTests.xctest */ = {isa = PBXFileReference; explicitFileType = wrapper.cfbundle; includeInIndex = 0; path = searchgitTests.xctest; sourceTree = BUILT_PRODUCTS_DIR; };
		60C43C7B26C15CF100E0AC02 /* searchgitTests.swift */ = {isa = PBXFileReference; lastKnownFileType = sourcecode.swift; path = searchgitTests.swift; sourceTree = "<group>"; };
		60C43C7D26C15CF100E0AC02 /* Info.plist */ = {isa = PBXFileReference; lastKnownFileType = text.plist.xml; path = Info.plist; sourceTree = "<group>"; };
		60C43C8226C15CF100E0AC02 /* searchgitUITests.xctest */ = {isa = PBXFileReference; explicitFileType = wrapper.cfbundle; includeInIndex = 0; path = searchgitUITests.xctest; sourceTree = BUILT_PRODUCTS_DIR; };
		60C43C8626C15CF100E0AC02 /* searchgitUITests.swift */ = {isa = PBXFileReference; lastKnownFileType = sourcecode.swift; path = searchgitUITests.swift; sourceTree = "<group>"; };
		60C43C8826C15CF100E0AC02 /* Info.plist */ = {isa = PBXFileReference; lastKnownFileType = text.plist.xml; path = Info.plist; sourceTree = "<group>"; };
		7E4502B3C4EBB0663037CAB1 /* Pods-searchgit.debug.xcconfig */ = {isa = PBXFileReference; includeInIndex = 1; lastKnownFileType = text.xcconfig; name = "Pods-searchgit.debug.xcconfig"; path = "Target Support Files/Pods-searchgit/Pods-searchgit.debug.xcconfig"; sourceTree = "<group>"; };
		B60E72630CE109F76DF00251 /* Pods-searchgit-searchgitUITests.release.xcconfig */ = {isa = PBXFileReference; includeInIndex = 1; lastKnownFileType = text.xcconfig; name = "Pods-searchgit-searchgitUITests.release.xcconfig"; path = "Target Support Files/Pods-searchgit-searchgitUITests/Pods-searchgit-searchgitUITests.release.xcconfig"; sourceTree = "<group>"; };
		C70FBB82F9C089B28A46AE74 /* Pods-searchgitTests.release.xcconfig */ = {isa = PBXFileReference; includeInIndex = 1; lastKnownFileType = text.xcconfig; name = "Pods-searchgitTests.release.xcconfig"; path = "Target Support Files/Pods-searchgitTests/Pods-searchgitTests.release.xcconfig"; sourceTree = "<group>"; };
		CD5C9E2199439534E1DA0638 /* Pods_searchgit_searchgitUITests.framework */ = {isa = PBXFileReference; explicitFileType = wrapper.framework; includeInIndex = 0; path = Pods_searchgit_searchgitUITests.framework; sourceTree = BUILT_PRODUCTS_DIR; };
		DF5AD8E3DBCA5AEC418848F1 /* Pods-searchgit.release.xcconfig */ = {isa = PBXFileReference; includeInIndex = 1; lastKnownFileType = text.xcconfig; name = "Pods-searchgit.release.xcconfig"; path = "Target Support Files/Pods-searchgit/Pods-searchgit.release.xcconfig"; sourceTree = "<group>"; };
/* End PBXFileReference section */

/* Begin PBXFrameworksBuildPhase section */
		60C43C5E26C15CEF00E0AC02 /* Frameworks */ = {
			isa = PBXFrameworksBuildPhase;
			buildActionMask = 2147483647;
			files = (
				84E2A9D6E391721AC7F6DC7D /* Pods_searchgit.framework in Frameworks */,
			);
			runOnlyForDeploymentPostprocessing = 0;
		};
		60C43C7426C15CF100E0AC02 /* Frameworks */ = {
			isa = PBXFrameworksBuildPhase;
			buildActionMask = 2147483647;
			files = (
				7072227F9D6A28FC485CF69E /* Pods_searchgitTests.framework in Frameworks */,
			);
			runOnlyForDeploymentPostprocessing = 0;
		};
		60C43C7F26C15CF100E0AC02 /* Frameworks */ = {
			isa = PBXFrameworksBuildPhase;
			buildActionMask = 2147483647;
			files = (
				89D44EC4851F0362A5AF797C /* Pods_searchgit_searchgitUITests.framework in Frameworks */,
			);
			runOnlyForDeploymentPostprocessing = 0;
		};
/* End PBXFrameworksBuildPhase section */

/* Begin PBXGroup section */
		60C43C5826C15CEF00E0AC02 = {
			isa = PBXGroup;
			children = (
				60C43C6326C15CEF00E0AC02 /* searchgit */,
				60C43C7A26C15CF100E0AC02 /* searchgitTests */,
				60C43C8526C15CF100E0AC02 /* searchgitUITests */,
				60C43C6226C15CEF00E0AC02 /* Products */,
				BB6D518A7526236A40F60FCD /* Pods */,
				940492F6FC9937DD97453C89 /* Frameworks */,
			);
			sourceTree = "<group>";
		};
		60C43C6226C15CEF00E0AC02 /* Products */ = {
			isa = PBXGroup;
			children = (
				60C43C6126C15CEF00E0AC02 /* searchgit.app */,
				60C43C7726C15CF100E0AC02 /* searchgitTests.xctest */,
				60C43C8226C15CF100E0AC02 /* searchgitUITests.xctest */,
			);
			name = Products;
			sourceTree = "<group>";
		};
		60C43C6326C15CEF00E0AC02 /* searchgit */ = {
			isa = PBXGroup;
			children = (
				60C43C6426C15CEF00E0AC02 /* AppDelegate.swift */,
				60C43C6626C15CEF00E0AC02 /* SceneDelegate.swift */,
				60C43C6826C15CEF00E0AC02 /* ViewController.swift */,
				60C43C6A26C15CEF00E0AC02 /* Main.storyboard */,
				60C43C6D26C15CF100E0AC02 /* Assets.xcassets */,
				60C43C6F26C15CF100E0AC02 /* LaunchScreen.storyboard */,
				60C43C7226C15CF100E0AC02 /* Info.plist */,
			);
			path = searchgit;
			sourceTree = "<group>";
		};
		60C43C7A26C15CF100E0AC02 /* searchgitTests */ = {
			isa = PBXGroup;
			children = (
				60C43C7B26C15CF100E0AC02 /* searchgitTests.swift */,
				60C43C7D26C15CF100E0AC02 /* Info.plist */,
			);
			path = searchgitTests;
			sourceTree = "<group>";
		};
		60C43C8526C15CF100E0AC02 /* searchgitUITests */ = {
			isa = PBXGroup;
			children = (
				60C43C8626C15CF100E0AC02 /* searchgitUITests.swift */,
				60C43C8826C15CF100E0AC02 /* Info.plist */,
			);
			path = searchgitUITests;
			sourceTree = "<group>";
		};
		940492F6FC9937DD97453C89 /* Frameworks */ = {
			isa = PBXGroup;
			children = (
				5A6E466D5A445D6F3723684F /* Pods_searchgit.framework */,
				CD5C9E2199439534E1DA0638 /* Pods_searchgit_searchgitUITests.framework */,
				17BE77C0F96D6588F87804F6 /* Pods_searchgitTests.framework */,
			);
			name = Frameworks;
			sourceTree = "<group>";
		};
		BB6D518A7526236A40F60FCD /* Pods */ = {
			isa = PBXGroup;
			children = (
				7E4502B3C4EBB0663037CAB1 /* Pods-searchgit.debug.xcconfig */,
				DF5AD8E3DBCA5AEC418848F1 /* Pods-searchgit.release.xcconfig */,
				44419746225318A7395AC454 /* Pods-searchgit-searchgitUITests.debug.xcconfig */,
				B60E72630CE109F76DF00251 /* Pods-searchgit-searchgitUITests.release.xcconfig */,
				3B4BE88A7BA30739A967169A /* Pods-searchgitTests.debug.xcconfig */,
				C70FBB82F9C089B28A46AE74 /* Pods-searchgitTests.release.xcconfig */,
			);
			name = Pods;
			path = Pods;
			sourceTree = "<group>";
		};
/* End PBXGroup section */

/* Begin PBXNativeTarget section */
		60C43C6026C15CEF00E0AC02 /* searchgit */ = {
			isa = PBXNativeTarget;
			buildConfigurationList = 60C43C8B26C15CF100E0AC02 /* Build configuration list for PBXNativeTarget "searchgit" */;
			buildPhases = (
				7771E8EFF8E2B01A26FA523C /* [CP] Check Pods Manifest.lock */,
				60C43C5D26C15CEF00E0AC02 /* Sources */,
				60C43C5E26C15CEF00E0AC02 /* Frameworks */,
				60C43C5F26C15CEF00E0AC02 /* Resources */,
			);
			buildRules = (
			);
			dependencies = (
			);
			name = searchgit;
			productName = searchgit;
			productReference = 60C43C6126C15CEF00E0AC02 /* searchgit.app */;
			productType = "com.apple.product-type.application";
		};
		60C43C7626C15CF100E0AC02 /* searchgitTests */ = {
			isa = PBXNativeTarget;
			buildConfigurationList = 60C43C8E26C15CF100E0AC02 /* Build configuration list for PBXNativeTarget "searchgitTests" */;
			buildPhases = (
				B26D01A7A28093156805E6BD /* [CP] Check Pods Manifest.lock */,
				60C43C7326C15CF100E0AC02 /* Sources */,
				60C43C7426C15CF100E0AC02 /* Frameworks */,
				60C43C7526C15CF100E0AC02 /* Resources */,
			);
			buildRules = (
			);
			dependencies = (
				60C43C7926C15CF100E0AC02 /* PBXTargetDependency */,
			);
			name = searchgitTests;
			productName = searchgitTests;
			productReference = 60C43C7726C15CF100E0AC02 /* searchgitTests.xctest */;
			productType = "com.apple.product-type.bundle.unit-test";
		};
		60C43C8126C15CF100E0AC02 /* searchgitUITests */ = {
			isa = PBXNativeTarget;
			buildConfigurationList = 60C43C9126C15CF100E0AC02 /* Build configuration list for PBXNativeTarget "searchgitUITests" */;
			buildPhases = (
				18B9795F8511C57DB4815839 /* [CP] Check Pods Manifest.lock */,
				60C43C7E26C15CF100E0AC02 /* Sources */,
				60C43C7F26C15CF100E0AC02 /* Frameworks */,
				60C43C8026C15CF100E0AC02 /* Resources */,
			);
			buildRules = (
			);
			dependencies = (
				60C43C8426C15CF100E0AC02 /* PBXTargetDependency */,
			);
			name = searchgitUITests;
			productName = searchgitUITests;
			productReference = 60C43C8226C15CF100E0AC02 /* searchgitUITests.xctest */;
			productType = "com.apple.product-type.bundle.ui-testing";
		};
/* End PBXNativeTarget section */

/* Begin PBXProject section */
		60C43C5926C15CEF00E0AC02 /* Project object */ = {
			isa = PBXProject;
			attributes = {
				LastSwiftUpdateCheck = 1240;
				LastUpgradeCheck = 1240;
				TargetAttributes = {
					60C43C6026C15CEF00E0AC02 = {
						CreatedOnToolsVersion = 12.4;
					};
					60C43C7626C15CF100E0AC02 = {
						CreatedOnToolsVersion = 12.4;
						TestTargetID = 60C43C6026C15CEF00E0AC02;
					};
					60C43C8126C15CF100E0AC02 = {
						CreatedOnToolsVersion = 12.4;
						TestTargetID = 60C43C6026C15CEF00E0AC02;
					};
				};
			};
			buildConfigurationList = 60C43C5C26C15CEF00E0AC02 /* Build configuration list for PBXProject "searchgit" */;
			compatibilityVersion = "Xcode 9.3";
			developmentRegion = en;
			hasScannedForEncodings = 0;
			knownRegions = (
				en,
				Base,
			);
			mainGroup = 60C43C5826C15CEF00E0AC02;
			productRefGroup = 60C43C6226C15CEF00E0AC02 /* Products */;
			projectDirPath = "";
			projectRoot = "";
			targets = (
				60C43C6026C15CEF00E0AC02 /* searchgit */,
				60C43C7626C15CF100E0AC02 /* searchgitTests */,
				60C43C8126C15CF100E0AC02 /* searchgitUITests */,
			);
		};
/* End PBXProject section */

/* Begin PBXResourcesBuildPhase section */
		60C43C5F26C15CEF00E0AC02 /* Resources */ = {
			isa = PBXResourcesBuildPhase;
			buildActionMask = 2147483647;
			files = (
				60C43C7126C15CF100E0AC02 /* LaunchScreen.storyboard in Resources */,
				60C43C6E26C15CF100E0AC02 /* Assets.xcassets in Resources */,
				60C43C6C26C15CEF00E0AC02 /* Main.storyboard in Resources */,
			);
			runOnlyForDeploymentPostprocessing = 0;
		};
		60C43C7526C15CF100E0AC02 /* Resources */ = {
			isa = PBXResourcesBuildPhase;
			buildActionMask = 2147483647;
			files = (
			);
			runOnlyForDeploymentPostprocessing = 0;
		};
		60C43C8026C15CF100E0AC02 /* Resources */ = {
			isa = PBXResourcesBuildPhase;
			buildActionMask = 2147483647;
			files = (
			);
			runOnlyForDeploymentPostprocessing = 0;
		};
/* End PBXResourcesBuildPhase section */

/* Begin PBXShellScriptBuildPhase section */
		18B9795F8511C57DB4815839 /* [CP] Check Pods Manifest.lock */ = {
			isa = PBXShellScriptBuildPhase;
			buildActionMask = 2147483647;
			files = (
			);
			inputFileListPaths = (
			);
			inputPaths = (
				"${PODS_PODFILE_DIR_PATH}/Podfile.lock",
				"${PODS_ROOT}/Manifest.lock",
			);
			name = "[CP] Check Pods Manifest.lock";
			outputFileListPaths = (
			);
			outputPaths = (
				"$(DERIVED_FILE_DIR)/Pods-searchgit-searchgitUITests-checkManifestLockResult.txt",
			);
			runOnlyForDeploymentPostprocessing = 0;
			shellPath = /bin/sh;
			shellScript = "diff \"${PODS_PODFILE_DIR_PATH}/Podfile.lock\" \"${PODS_ROOT}/Manifest.lock\" > /dev/null\nif [ $? != 0 ] ; then\n    # print error to STDERR\n    echo \"error: The sandbox is not in sync with the Podfile.lock. Run 'pod install' or update your CocoaPods installation.\" >&2\n    exit 1\nfi\n# This output is used by Xcode 'outputs' to avoid re-running this script phase.\necho \"SUCCESS\" > \"${SCRIPT_OUTPUT_FILE_0}\"\n";
			showEnvVarsInLog = 0;
		};
		7771E8EFF8E2B01A26FA523C /* [CP] Check Pods Manifest.lock */ = {
			isa = PBXShellScriptBuildPhase;
			buildActionMask = 2147483647;
			files = (
			);
			inputFileListPaths = (
			);
			inputPaths = (
				"${PODS_PODFILE_DIR_PATH}/Podfile.lock",
				"${PODS_ROOT}/Manifest.lock",
			);
			name = "[CP] Check Pods Manifest.lock";
			outputFileListPaths = (
			);
			outputPaths = (
				"$(DERIVED_FILE_DIR)/Pods-searchgit-checkManifestLockResult.txt",
			);
			runOnlyForDeploymentPostprocessing = 0;
			shellPath = /bin/sh;
			shellScript = "diff \"${PODS_PODFILE_DIR_PATH}/Podfile.lock\" \"${PODS_ROOT}/Manifest.lock\" > /dev/null\nif [ $? != 0 ] ; then\n    # print error to STDERR\n    echo \"error: The sandbox is not in sync with the Podfile.lock. Run 'pod install' or update your CocoaPods installation.\" >&2\n    exit 1\nfi\n# This output is used by Xcode 'outputs' to avoid re-running this script phase.\necho \"SUCCESS\" > \"${SCRIPT_OUTPUT_FILE_0}\"\n";
			showEnvVarsInLog = 0;
		};
		B26D01A7A28093156805E6BD /* [CP] Check Pods Manifest.lock */ = {
			isa = PBXShellScriptBuildPhase;
			buildActionMask = 2147483647;
			files = (
			);
			inputFileListPaths = (
			);
			inputPaths = (
				"${PODS_PODFILE_DIR_PATH}/Podfile.lock",
				"${PODS_ROOT}/Manifest.lock",
			);
			name = "[CP] Check Pods Manifest.lock";
			outputFileListPaths = (
			);
			outputPaths = (
				"$(DERIVED_FILE_DIR)/Pods-searchgitTests-checkManifestLockResult.txt",
			);
			runOnlyForDeploymentPostprocessing = 0;
			shellPath = /bin/sh;
			shellScript = "diff \"${PODS_PODFILE_DIR_PATH}/Podfile.lock\" \"${PODS_ROOT}/Manifest.lock\" > /dev/null\nif [ $? != 0 ] ; then\n    # print error to STDERR\n    echo \"error: The sandbox is not in sync with the Podfile.lock. Run 'pod install' or update your CocoaPods installation.\" >&2\n    exit 1\nfi\n# This output is used by Xcode 'outputs' to avoid re-running this script phase.\necho \"SUCCESS\" > \"${SCRIPT_OUTPUT_FILE_0}\"\n";
			showEnvVarsInLog = 0;
		};
/* End PBXShellScriptBuildPhase section */

/* Begin PBXSourcesBuildPhase section */
		60C43C5D26C15CEF00E0AC02 /* Sources */ = {
			isa = PBXSourcesBuildPhase;
			buildActionMask = 2147483647;
			files = (
				60C43C6926C15CEF00E0AC02 /* ViewController.swift in Sources */,
				60C43C6526C15CEF00E0AC02 /* AppDelegate.swift in Sources */,
				60C43C6726C15CEF00E0AC02 /* SceneDelegate.swift in Sources */,
			);
			runOnlyForDeploymentPostprocessing = 0;
		};
		60C43C7326C15CF100E0AC02 /* Sources */ = {
			isa = PBXSourcesBuildPhase;
			buildActionMask = 2147483647;
			files = (
				60C43C7C26C15CF100E0AC02 /* searchgitTests.swift in Sources */,
			);
			runOnlyForDeploymentPostprocessing = 0;
		};
		60C43C7E26C15CF100E0AC02 /* Sources */ = {
			isa = PBXSourcesBuildPhase;
			buildActionMask = 2147483647;
			files = (
				60C43C8726C15CF100E0AC02 /* searchgitUITests.swift in Sources */,
			);
			runOnlyForDeploymentPostprocessing = 0;
		};
/* End PBXSourcesBuildPhase section */

/* Begin PBXTargetDependency section */
		60C43C7926C15CF100E0AC02 /* PBXTargetDependency */ = {
			isa = PBXTargetDependency;
			target = 60C43C6026C15CEF00E0AC02 /* searchgit */;
			targetProxy = 60C43C7826C15CF100E0AC02 /* PBXContainerItemProxy */;
		};
		60C43C8426C15CF100E0AC02 /* PBXTargetDependency */ = {
			isa = PBXTargetDependency;
			target = 60C43C6026C15CEF00E0AC02 /* searchgit */;
			targetProxy = 60C43C8326C15CF100E0AC02 /* PBXContainerItemProxy */;
		};
/* End PBXTargetDependency section */

/* Begin PBXVariantGroup section */
		60C43C6A26C15CEF00E0AC02 /* Main.storyboard */ = {
			isa = PBXVariantGroup;
			children = (
				60C43C6B26C15CEF00E0AC02 /* Base */,
			);
			name = Main.storyboard;
			sourceTree = "<group>";
		};
		60C43C6F26C15CF100E0AC02 /* LaunchScreen.storyboard */ = {
			isa = PBXVariantGroup;
			children = (
				60C43C7026C15CF100E0AC02 /* Base */,
			);
			name = LaunchScreen.storyboard;
			sourceTree = "<group>";
		};
/* End PBXVariantGroup section */

/* Begin XCBuildConfiguration section */
		60C43C8926C15CF100E0AC02 /* Debug */ = {
			isa = XCBuildConfiguration;
			buildSettings = {
				ALWAYS_SEARCH_USER_PATHS = NO;
				CLANG_ANALYZER_NONNULL = YES;
				CLANG_ANALYZER_NUMBER_OBJECT_CONVERSION = YES_AGGRESSIVE;
				CLANG_CXX_LANGUAGE_STANDARD = "gnu++14";
				CLANG_CXX_LIBRARY = "libc++";
				CLANG_ENABLE_MODULES = YES;
				CLANG_ENABLE_OBJC_ARC = YES;
				CLANG_ENABLE_OBJC_WEAK = YES;
				CLANG_WARN_BLOCK_CAPTURE_AUTORELEASING = YES;
				CLANG_WARN_BOOL_CONVERSION = YES;
				CLANG_WARN_COMMA = YES;
				CLANG_WARN_CONSTANT_CONVERSION = YES;
				CLANG_WARN_DEPRECATED_OBJC_IMPLEMENTATIONS = YES;
				CLANG_WARN_DIRECT_OBJC_ISA_USAGE = YES_ERROR;
				CLANG_WARN_DOCUMENTATION_COMMENTS = YES;
				CLANG_WARN_EMPTY_BODY = YES;
				CLANG_WARN_ENUM_CONVERSION = YES;
				CLANG_WARN_INFINITE_RECURSION = YES;
				CLANG_WARN_INT_CONVERSION = YES;
				CLANG_WARN_NON_LITERAL_NULL_CONVERSION = YES;
				CLANG_WARN_OBJC_IMPLICIT_RETAIN_SELF = YES;
				CLANG_WARN_OBJC_LITERAL_CONVERSION = YES;
				CLANG_WARN_OBJC_ROOT_CLASS = YES_ERROR;
				CLANG_WARN_QUOTED_INCLUDE_IN_FRAMEWORK_HEADER = YES;
				CLANG_WARN_RANGE_LOOP_ANALYSIS = YES;
				CLANG_WARN_STRICT_PROTOTYPES = YES;
				CLANG_WARN_SUSPICIOUS_MOVE = YES;
				CLANG_WARN_UNGUARDED_AVAILABILITY = YES_AGGRESSIVE;
				CLANG_WARN_UNREACHABLE_CODE = YES;
				CLANG_WARN__DUPLICATE_METHOD_MATCH = YES;
				COPY_PHASE_STRIP = NO;
				DEBUG_INFORMATION_FORMAT = dwarf;
				ENABLE_STRICT_OBJC_MSGSEND = YES;
				ENABLE_TESTABILITY = YES;
				GCC_C_LANGUAGE_STANDARD = gnu11;
				GCC_DYNAMIC_NO_PIC = NO;
				GCC_NO_COMMON_BLOCKS = YES;
				GCC_OPTIMIZATION_LEVEL = 0;
				GCC_PREPROCESSOR_DEFINITIONS = (
					"DEBUG=1",
					"$(inherited)",
				);
				GCC_WARN_64_TO_32_BIT_CONVERSION = YES;
				GCC_WARN_ABOUT_RETURN_TYPE = YES_ERROR;
				GCC_WARN_UNDECLARED_SELECTOR = YES;
				GCC_WARN_UNINITIALIZED_AUTOS = YES_AGGRESSIVE;
				GCC_WARN_UNUSED_FUNCTION = YES;
				GCC_WARN_UNUSED_VARIABLE = YES;
				IPHONEOS_DEPLOYMENT_TARGET = 14.4;
				MTL_ENABLE_DEBUG_INFO = INCLUDE_SOURCE;
				MTL_FAST_MATH = YES;
				ONLY_ACTIVE_ARCH = YES;
				SDKROOT = iphoneos;
				SWIFT_ACTIVE_COMPILATION_CONDITIONS = DEBUG;
				SWIFT_OPTIMIZATION_LEVEL = "-Onone";
			};
			name = Debug;
		};
		60C43C8A26C15CF100E0AC02 /* Release */ = {
			isa = XCBuildConfiguration;
			buildSettings = {
				ALWAYS_SEARCH_USER_PATHS = NO;
				CLANG_ANALYZER_NONNULL = YES;
				CLANG_ANALYZER_NUMBER_OBJECT_CONVERSION = YES_AGGRESSIVE;
				CLANG_CXX_LANGUAGE_STANDARD = "gnu++14";
				CLANG_CXX_LIBRARY = "libc++";
				CLANG_ENABLE_MODULES = YES;
				CLANG_ENABLE_OBJC_ARC = YES;
				CLANG_ENABLE_OBJC_WEAK = YES;
				CLANG_WARN_BLOCK_CAPTURE_AUTORELEASING = YES;
				CLANG_WARN_BOOL_CONVERSION = YES;
				CLANG_WARN_COMMA = YES;
				CLANG_WARN_CONSTANT_CONVERSION = YES;
				CLANG_WARN_DEPRECATED_OBJC_IMPLEMENTATIONS = YES;
				CLANG_WARN_DIRECT_OBJC_ISA_USAGE = YES_ERROR;
				CLANG_WARN_DOCUMENTATION_COMMENTS = YES;
				CLANG_WARN_EMPTY_BODY = YES;
				CLANG_WARN_ENUM_CONVERSION = YES;
				CLANG_WARN_INFINITE_RECURSION = YES;
				CLANG_WARN_INT_CONVERSION = YES;
				CLANG_WARN_NON_LITERAL_NULL_CONVERSION = YES;
				CLANG_WARN_OBJC_IMPLICIT_RETAIN_SELF = YES;
				CLANG_WARN_OBJC_LITERAL_CONVERSION = YES;
				CLANG_WARN_OBJC_ROOT_CLASS = YES_ERROR;
				CLANG_WARN_QUOTED_INCLUDE_IN_FRAMEWORK_HEADER = YES;
				CLANG_WARN_RANGE_LOOP_ANALYSIS = YES;
				CLANG_WARN_STRICT_PROTOTYPES = YES;
				CLANG_WARN_SUSPICIOUS_MOVE = YES;
				CLANG_WARN_UNGUARDED_AVAILABILITY = YES_AGGRESSIVE;
				CLANG_WARN_UNREACHABLE_CODE = YES;
				CLANG_WARN__DUPLICATE_METHOD_MATCH = YES;
				COPY_PHASE_STRIP = NO;
				DEBUG_INFORMATION_FORMAT = "dwarf-with-dsym";
				ENABLE_NS_ASSERTIONS = NO;
				ENABLE_STRICT_OBJC_MSGSEND = YES;
				GCC_C_LANGUAGE_STANDARD = gnu11;
				GCC_NO_COMMON_BLOCKS = YES;
				GCC_WARN_64_TO_32_BIT_CONVERSION = YES;
				GCC_WARN_ABOUT_RETURN_TYPE = YES_ERROR;
				GCC_WARN_UNDECLARED_SELECTOR = YES;
				GCC_WARN_UNINITIALIZED_AUTOS = YES_AGGRESSIVE;
				GCC_WARN_UNUSED_FUNCTION = YES;
				GCC_WARN_UNUSED_VARIABLE = YES;
				IPHONEOS_DEPLOYMENT_TARGET = 14.4;
				MTL_ENABLE_DEBUG_INFO = NO;
				MTL_FAST_MATH = YES;
				SDKROOT = iphoneos;
				SWIFT_COMPILATION_MODE = wholemodule;
				SWIFT_OPTIMIZATION_LEVEL = "-O";
				VALIDATE_PRODUCT = YES;
			};
			name = Release;
		};
		60C43C8C26C15CF100E0AC02 /* Debug */ = {
			isa = XCBuildConfiguration;
			baseConfigurationReference = 7E4502B3C4EBB0663037CAB1 /* Pods-searchgit.debug.xcconfig */;
			buildSettings = {
				ASSETCATALOG_COMPILER_APPICON_NAME = AppIcon;
				ASSETCATALOG_COMPILER_GLOBAL_ACCENT_COLOR_NAME = AccentColor;
				CODE_SIGN_STYLE = Automatic;
				DEVELOPMENT_TEAM = MBS2L2G7PG;
				INFOPLIST_FILE = searchgit/Info.plist;
				LD_RUNPATH_SEARCH_PATHS = (
					"$(inherited)",
					"@executable_path/Frameworks",
				);
				PRODUCT_BUNDLE_IDENTIFIER = com.dhuha.searchgit;
				PRODUCT_NAME = "$(TARGET_NAME)";
				SWIFT_VERSION = 5.0;
				TARGETED_DEVICE_FAMILY = "1,2";
			};
			name = Debug;
		};
		60C43C8D26C15CF100E0AC02 /* Release */ = {
			isa = XCBuildConfiguration;
			baseConfigurationReference = DF5AD8E3DBCA5AEC418848F1 /* Pods-searchgit.release.xcconfig */;
			buildSettings = {
				ASSETCATALOG_COMPILER_APPICON_NAME = AppIcon;
				ASSETCATALOG_COMPILER_GLOBAL_ACCENT_COLOR_NAME = AccentColor;
				CODE_SIGN_STYLE = Automatic;
				DEVELOPMENT_TEAM = MBS2L2G7PG;
				INFOPLIST_FILE = searchgit/Info.plist;
				LD_RUNPATH_SEARCH_PATHS = (
					"$(inherited)",
					"@executable_path/Frameworks",
				);
				PRODUCT_BUNDLE_IDENTIFIER = com.dhuha.searchgit;
				PRODUCT_NAME = "$(TARGET_NAME)";
				SWIFT_VERSION = 5.0;
				TARGETED_DEVICE_FAMILY = "1,2";
			};
			name = Release;
		};
		60C43C8F26C15CF100E0AC02 /* Debug */ = {
			isa = XCBuildConfiguration;
			baseConfigurationReference = 3B4BE88A7BA30739A967169A /* Pods-searchgitTests.debug.xcconfig */;
			buildSettings = {
				ALWAYS_EMBED_SWIFT_STANDARD_LIBRARIES = YES;
				BUNDLE_LOADER = "$(TEST_HOST)";
				CODE_SIGN_STYLE = Automatic;
				DEVELOPMENT_TEAM = MBS2L2G7PG;
				INFOPLIST_FILE = searchgitTests/Info.plist;
				IPHONEOS_DEPLOYMENT_TARGET = 14.4;
				LD_RUNPATH_SEARCH_PATHS = (
					"$(inherited)",
					"@executable_path/Frameworks",
					"@loader_path/Frameworks",
				);
				PRODUCT_BUNDLE_IDENTIFIER = com.dhuha.searchgitTests;
				PRODUCT_NAME = "$(TARGET_NAME)";
				SWIFT_VERSION = 5.0;
				TARGETED_DEVICE_FAMILY = "1,2";
				TEST_HOST = "$(BUILT_PRODUCTS_DIR)/searchgit.app/searchgit";
			};
			name = Debug;
		};
		60C43C9026C15CF100E0AC02 /* Release */ = {
			isa = XCBuildConfiguration;
			baseConfigurationReference = C70FBB82F9C089B28A46AE74 /* Pods-searchgitTests.release.xcconfig */;
			buildSettings = {
				ALWAYS_EMBED_SWIFT_STANDARD_LIBRARIES = YES;
				BUNDLE_LOADER = "$(TEST_HOST)";
				CODE_SIGN_STYLE = Automatic;
				DEVELOPMENT_TEAM = MBS2L2G7PG;
				INFOPLIST_FILE = searchgitTests/Info.plist;
				IPHONEOS_DEPLOYMENT_TARGET = 14.4;
				LD_RUNPATH_SEARCH_PATHS = (
					"$(inherited)",
					"@executable_path/Frameworks",
					"@loader_path/Frameworks",
				);
				PRODUCT_BUNDLE_IDENTIFIER = com.dhuha.searchgitTests;
				PRODUCT_NAME = "$(TARGET_NAME)";
				SWIFT_VERSION = 5.0;
				TARGETED_DEVICE_FAMILY = "1,2";
				TEST_HOST = "$(BUILT_PRODUCTS_DIR)/searchgit.app/searchgit";
			};
			name = Release;
		};
		60C43C9226C15CF100E0AC02 /* Debug */ = {
			isa = XCBuildConfiguration;
			baseConfigurationReference = 44419746225318A7395AC454 /* Pods-searchgit-searchgitUITests.debug.xcconfig */;
			buildSettings = {
				ALWAYS_EMBED_SWIFT_STANDARD_LIBRARIES = YES;
				CODE_SIGN_STYLE = Automatic;
				DEVELOPMENT_TEAM = MBS2L2G7PG;
				INFOPLIST_FILE = searchgitUITests/Info.plist;
				LD_RUNPATH_SEARCH_PATHS = (
					"$(inherited)",
					"@executable_path/Frameworks",
					"@loader_path/Frameworks",
				);
				PRODUCT_BUNDLE_IDENTIFIER = com.dhuha.searchgitUITests;
				PRODUCT_NAME = "$(TARGET_NAME)";
				SWIFT_VERSION = 5.0;
				TARGETED_DEVICE_FAMILY = "1,2";
				TEST_TARGET_NAME = searchgit;
			};
			name = Debug;
		};
		60C43C9326C15CF100E0AC02 /* Release */ = {
			isa = XCBuildConfiguration;
			baseConfigurationReference = B60E72630CE109F76DF00251 /* Pods-searchgit-searchgitUITests.release.xcconfig */;
			buildSettings = {
				ALWAYS_EMBED_SWIFT_STANDARD_LIBRARIES = YES;
				CODE_SIGN_STYLE = Automatic;
				DEVELOPMENT_TEAM = MBS2L2G7PG;
				INFOPLIST_FILE = searchgitUITests/Info.plist;
				LD_RUNPATH_SEARCH_PATHS = (
					"$(inherited)",
					"@executable_path/Frameworks",
					"@loader_path/Frameworks",
				);
				PRODUCT_BUNDLE_IDENTIFIER = com.dhuha.searchgitUITests;
				PRODUCT_NAME = "$(TARGET_NAME)";
				SWIFT_VERSION = 5.0;
				TARGETED_DEVICE_FAMILY = "1,2";
				TEST_TARGET_NAME = searchgit;
			};
			name = Release;
		};
/* End XCBuildConfiguration section */

/* Begin XCConfigurationList section */
		60C43C5C26C15CEF00E0AC02 /* Build configuration list for PBXProject "searchgit" */ = {
			isa = XCConfigurationList;
			buildConfigurations = (
				60C43C8926C15CF100E0AC02 /* Debug */,
				60C43C8A26C15CF100E0AC02 /* Release */,
			);
			defaultConfigurationIsVisible = 0;
			defaultConfigurationName = Release;
		};
		60C43C8B26C15CF100E0AC02 /* Build configuration list for PBXNativeTarget "searchgit" */ = {
			isa = XCConfigurationList;
			buildConfigurations = (
				60C43C8C26C15CF100E0AC02 /* Debug */,
				60C43C8D26C15CF100E0AC02 /* Release */,
			);
			defaultConfigurationIsVisible = 0;
			defaultConfigurationName = Release;
		};
		60C43C8E26C15CF100E0AC02 /* Build configuration list for PBXNativeTarget "searchgitTests" */ = {
			isa = XCConfigurationList;
			buildConfigurations = (
				60C43C8F26C15CF100E0AC02 /* Debug */,
				60C43C9026C15CF100E0AC02 /* Release */,
			);
			defaultConfigurationIsVisible = 0;
			defaultConfigurationName = Release;
		};
		60C43C9126C15CF100E0AC02 /* Build configuration list for PBXNativeTarget "searchgitUITests" */ = {
			isa = XCConfigurationList;
			buildConfigurations = (
				60C43C9226C15CF100E0AC02 /* Debug */,
				60C43C9326C15CF100E0AC02 /* Release */,
			);
			defaultConfigurationIsVisible = 0;
			defaultConfigurationName = Release;
		};
/* End XCConfigurationList section */
	};
	rootObject = 60C43C5926C15CEF00E0AC02 /* Project object */;
}
